
Microsoft Visual Studio Solution File, Format Version 12.00
# Visual Studio Version 17
VisualStudioVersion = 17.7.34031.279
MinimumVisualStudioVersion = 10.0.40219.1
Project("{9A19103F-16F7-4668-BE54-9A1E7A4F7556}") = "MyBlog.BLL", "MyBlog.BLL\MyBlog.BLL.csproj", "{068ED497-BA4B-48DF-8A75-DD7CA072FE4A}"
EndProject
Project("{9A19103F-16F7-4668-BE54-9A1E7A4F7556}") = "MyBlog.API", "MyBlog.API\MyBlog.API.csproj", "{314EE8B1-6EEB-4DED-92E9-7E5F01B63A3A}"
EndProject
Project("{9A19103F-16F7-4668-BE54-9A1E7A4F7556}") = "MyBlog.DAL", "MyBlog.DAL\MyBlog.DAL.csproj", "{8E448E27-5C95-4A76-8891-1EDDE25351B3}"
EndProject
Project("{9A19103F-16F7-4668-BE54-9A1E7A4F7556}") = "MyBlog.App", "MyBlog.APP\MyBlog.App.csproj", "{822A503A-7D1D-49F1-B5FA-4B28F0AC5879}"
EndProject
Global
	GlobalSection(SolutionConfigurationPlatforms) = preSolution
		Debug|Any CPU = Debug|Any CPU
		Release|Any CPU = Release|Any CPU
	EndGlobalSection
	GlobalSection(ProjectConfigurationPlatforms) = postSolution
		{068ED497-BA4B-48DF-8A75-DD7CA072FE4A}.Debug|Any CPU.ActiveCfg = Debug|Any CPU
		{068ED497-BA4B-48DF-8A75-DD7CA072FE4A}.Debug|Any CPU.Build.0 = Debug|Any CPU
		{068ED497-BA4B-48DF-8A75-DD7CA072FE4A}.Release|Any CPU.ActiveCfg = Release|Any CPU
		{068ED497-BA4B-48DF-8A75-DD7CA072FE4A}.Release|Any CPU.Build.0 = Release|Any CPU
		{314EE8B1-6EEB-4DED-92E9-7E5F01B63A3A}.Debug|Any CPU.ActiveCfg = Debug|Any CPU
		{314EE8B1-6EEB-4DED-92E9-7E5F01B63A3A}.Debug|Any CPU.Build.0 = Debug|Any CPU
		{314EE8B1-6EEB-4DED-92E9-7E5F01B63A3A}.Release|Any CPU.ActiveCfg = Release|Any CPU
		{314EE8B1-6EEB-4DED-92E9-7E5F01B63A3A}.Release|Any CPU.Build.0 = Release|Any CPU
		{8E448E27-5C95-4A76-8891-1EDDE25351B3}.Debug|Any CPU.ActiveCfg = Debug|Any CPU
		{8E448E27-5C95-4A76-8891-1EDDE25351B3}.Debug|Any CPU.Build.0 = Debug|Any CPU
		{8E448E27-5C95-4A76-8891-1EDDE25351B3}.Release|Any CPU.ActiveCfg = Release|Any CPU
		{8E448E27-5C95-4A76-8891-1EDDE25351B3}.Release|Any CPU.Build.0 = Release|Any CPU
		{822A503A-7D1D-49F1-B5FA-4B28F0AC5879}.Debug|Any CPU.ActiveCfg = Debug|Any CPU
		{822A503A-7D1D-49F1-B5FA-4B28F0AC5879}.Debug|Any CPU.Build.0 = Debug|Any CPU
		{822A503A-7D1D-49F1-B5FA-4B28F0AC5879}.Release|Any CPU.ActiveCfg = Release|Any CPU
		{822A503A-7D1D-49F1-B5FA-4B28F0AC5879}.Release|Any CPU.Build.0 = Release|Any CPU
	EndGlobalSection
	GlobalSection(SolutionProperties) = preSolution
		HideSolutionNode = FALSE
	EndGlobalSection
	GlobalSection(ExtensibilityGlobals) = postSolution
		SolutionGuid = {F5619986-5680-44B9-9082-416A99BB05A2}
	EndGlobalSection
EndGlobal
